
Microsoft Visual Studio Solution File, Format Version 12.00
# Visual Studio Version 17
VisualStudioVersion = 17.13.35931.197
MinimumVisualStudioVersion = 10.0.40219.1
Project("{2150E333-8FDC-42A3-9474-1A3956D46DE8}") = "Services", "Services", "{36D591C7-65C7-A0D1-1CBC-10CDE441BDC8}"
EndProject
Project("{2150E333-8FDC-42A3-9474-1A3956D46DE8}") = "Tests", "Tests", "{0D56C2CB-4424-466B-8AD8-915C91605F57}"
EndProject
Project("{2150E333-8FDC-42A3-9474-1A3956D46DE8}") = "SharedLibs", "SharedLibs", "{728608DE-8C43-4D91-B7F0-E32C3AFF2025}"
EndProject
Project("{FAE04EC0-301F-11D3-BF4B-00C04F79EFBC}") = "AuthService", "Services\AuthService\AuthService.csproj", "{16D12A8F-4A33-427C-9545-BAB9F3B69A72}"
EndProject
Project("{FAE04EC0-301F-11D3-BF4B-00C04F79EFBC}") = "Database", "Shared\Database\Database.csproj", "{7B0EA797-76C7-44D3-9CA2-CD175C5EB791}"
EndProject
Project("{FAE04EC0-301F-11D3-BF4B-00C04F79EFBC}") = "Database.Dapper", "Shared\Database.PgSql\Database.Dapper.csproj", "{361C7F8B-4171-4590-AD07-8F1846A2E511}"
EndProject
Project("{FAE04EC0-301F-11D3-BF4B-00C04F79EFBC}") = "TaskManagementServices.Shared", "Shared\TaskManagementServices.Abstractions\TaskManagementServices.Shared.csproj", "{0CE69A1A-1657-4780-98D8-3BE81B447623}"
EndProject
Project("{FAE04EC0-301F-11D3-BF4B-00C04F79EFBC}") = "Gateway", "Services\Gateway\Gateway.csproj", "{17021109-A528-4FA3-B9D0-8763A2EB9456}"
EndProject
Project("{FAE04EC0-301F-11D3-BF4B-00C04F79EFBC}") = "TaskService", "Services\TaskService\TaskService.csproj", "{CE821D4B-2E74-4CB9-B076-3B35E6B7EBED}"
EndProject
Project("{FAE04EC0-301F-11D3-BF4B-00C04F79EFBC}") = "NotificationService", "Services\NotificationService\NotificationService.csproj", "{2A0383FC-9A37-449E-9209-C203DA17E6EE}"
EndProject
Project("{FAE04EC0-301F-11D3-BF4B-00C04F79EFBC}") = "HealthCheck", "Shared\HealthCheck\HealthCheck.csproj", "{ADBD61DA-FC86-CD6B-92CA-AC06C77E3903}"
EndProject
Project("{FAE04EC0-301F-11D3-BF4B-00C04F79EFBC}") = "AuthService.Tests", "Tests\AuthService.Tests\AuthService.Tests.csproj", "{FF94C325-C799-40A8-A6B6-49F10C15AD46}"
EndProject
Project("{FAE04EC0-301F-11D3-BF4B-00C04F79EFBC}") = "TaskService.Tests", "Tests\TaskService.Tests\TaskService.Tests.csproj", "{9C2A3911-0A4E-4C1E-857D-5BE61C1CCB3B}"
EndProject
Project("{FAE04EC0-301F-11D3-BF4B-00C04F79EFBC}") = "NotificationService.Tests", "Tests\NotificationService.Tests\NotificationService.Tests.csproj", "{30AB5DEB-8894-440C-A9CB-B89568651030}"
EndProject
Project("{FAE04EC0-301F-11D3-BF4B-00C04F79EFBC}") = "Logging", "Shared\Logging\Logging.csproj", "{A8C8D990-A491-B7DF-EA6F-0E7B1CEA3416}"
EndProject
Global
	GlobalSection(SolutionConfigurationPlatforms) = preSolution
		Debug|Any CPU = Debug|Any CPU
		Release|Any CPU = Release|Any CPU
	EndGlobalSection
	GlobalSection(ProjectConfigurationPlatforms) = postSolution
		{16D12A8F-4A33-427C-9545-BAB9F3B69A72}.Debug|Any CPU.ActiveCfg = Debug|Any CPU
		{16D12A8F-4A33-427C-9545-BAB9F3B69A72}.Debug|Any CPU.Build.0 = Debug|Any CPU
		{16D12A8F-4A33-427C-9545-BAB9F3B69A72}.Release|Any CPU.ActiveCfg = Release|Any CPU
		{16D12A8F-4A33-427C-9545-BAB9F3B69A72}.Release|Any CPU.Build.0 = Release|Any CPU
		{7B0EA797-76C7-44D3-9CA2-CD175C5EB791}.Debug|Any CPU.ActiveCfg = Debug|Any CPU
		{7B0EA797-76C7-44D3-9CA2-CD175C5EB791}.Debug|Any CPU.Build.0 = Debug|Any CPU
		{7B0EA797-76C7-44D3-9CA2-CD175C5EB791}.Release|Any CPU.ActiveCfg = Release|Any CPU
		{7B0EA797-76C7-44D3-9CA2-CD175C5EB791}.Release|Any CPU.Build.0 = Release|Any CPU
		{361C7F8B-4171-4590-AD07-8F1846A2E511}.Debug|Any CPU.ActiveCfg = Debug|Any CPU
		{361C7F8B-4171-4590-AD07-8F1846A2E511}.Debug|Any CPU.Build.0 = Debug|Any CPU
		{361C7F8B-4171-4590-AD07-8F1846A2E511}.Release|Any CPU.ActiveCfg = Release|Any CPU
		{361C7F8B-4171-4590-AD07-8F1846A2E511}.Release|Any CPU.Build.0 = Release|Any CPU
		{0CE69A1A-1657-4780-98D8-3BE81B447623}.Debug|Any CPU.ActiveCfg = Debug|Any CPU
		{0CE69A1A-1657-4780-98D8-3BE81B447623}.Debug|Any CPU.Build.0 = Debug|Any CPU
		{0CE69A1A-1657-4780-98D8-3BE81B447623}.Release|Any CPU.ActiveCfg = Release|Any CPU
		{0CE69A1A-1657-4780-98D8-3BE81B447623}.Release|Any CPU.Build.0 = Release|Any CPU
		{17021109-A528-4FA3-B9D0-8763A2EB9456}.Debug|Any CPU.ActiveCfg = Debug|Any CPU
		{17021109-A528-4FA3-B9D0-8763A2EB9456}.Debug|Any CPU.Build.0 = Debug|Any CPU
		{17021109-A528-4FA3-B9D0-8763A2EB9456}.Release|Any CPU.ActiveCfg = Release|Any CPU
		{17021109-A528-4FA3-B9D0-8763A2EB9456}.Release|Any CPU.Build.0 = Release|Any CPU
		{CE821D4B-2E74-4CB9-B076-3B35E6B7EBED}.Debug|Any CPU.ActiveCfg = Debug|Any CPU
		{CE821D4B-2E74-4CB9-B076-3B35E6B7EBED}.Debug|Any CPU.Build.0 = Debug|Any CPU
		{CE821D4B-2E74-4CB9-B076-3B35E6B7EBED}.Release|Any CPU.ActiveCfg = Release|Any CPU
		{CE821D4B-2E74-4CB9-B076-3B35E6B7EBED}.Release|Any CPU.Build.0 = Release|Any CPU
		{2A0383FC-9A37-449E-9209-C203DA17E6EE}.Debug|Any CPU.ActiveCfg = Debug|Any CPU
		{2A0383FC-9A37-449E-9209-C203DA17E6EE}.Debug|Any CPU.Build.0 = Debug|Any CPU
		{2A0383FC-9A37-449E-9209-C203DA17E6EE}.Release|Any CPU.ActiveCfg = Release|Any CPU
		{2A0383FC-9A37-449E-9209-C203DA17E6EE}.Release|Any CPU.Build.0 = Release|Any CPU
		{ADBD61DA-FC86-CD6B-92CA-AC06C77E3903}.Debug|Any CPU.ActiveCfg = Debug|Any CPU
		{ADBD61DA-FC86-CD6B-92CA-AC06C77E3903}.Debug|Any CPU.Build.0 = Debug|Any CPU
		{ADBD61DA-FC86-CD6B-92CA-AC06C77E3903}.Release|Any CPU.ActiveCfg = Release|Any CPU
		{ADBD61DA-FC86-CD6B-92CA-AC06C77E3903}.Release|Any CPU.Build.0 = Release|Any CPU
		{FF94C325-C799-40A8-A6B6-49F10C15AD46}.Debug|Any CPU.ActiveCfg = Debug|Any CPU
		{FF94C325-C799-40A8-A6B6-49F10C15AD46}.Debug|Any CPU.Build.0 = Debug|Any CPU
		{FF94C325-C799-40A8-A6B6-49F10C15AD46}.Release|Any CPU.ActiveCfg = Release|Any CPU
		{FF94C325-C799-40A8-A6B6-49F10C15AD46}.Release|Any CPU.Build.0 = Release|Any CPU
		{9C2A3911-0A4E-4C1E-857D-5BE61C1CCB3B}.Debug|Any CPU.ActiveCfg = Debug|Any CPU
		{9C2A3911-0A4E-4C1E-857D-5BE61C1CCB3B}.Debug|Any CPU.Build.0 = Debug|Any CPU
		{9C2A3911-0A4E-4C1E-857D-5BE61C1CCB3B}.Release|Any CPU.ActiveCfg = Release|Any CPU
		{9C2A3911-0A4E-4C1E-857D-5BE61C1CCB3B}.Release|Any CPU.Build.0 = Release|Any CPU
		{30AB5DEB-8894-440C-A9CB-B89568651030}.Debug|Any CPU.ActiveCfg = Debug|Any CPU
		{30AB5DEB-8894-440C-A9CB-B89568651030}.Debug|Any CPU.Build.0 = Debug|Any CPU
		{30AB5DEB-8894-440C-A9CB-B89568651030}.Release|Any CPU.ActiveCfg = Release|Any CPU
		{30AB5DEB-8894-440C-A9CB-B89568651030}.Release|Any CPU.Build.0 = Release|Any CPU
		{A8C8D990-A491-B7DF-EA6F-0E7B1CEA3416}.Debug|Any CPU.ActiveCfg = Debug|Any CPU
		{A8C8D990-A491-B7DF-EA6F-0E7B1CEA3416}.Debug|Any CPU.Build.0 = Debug|Any CPU
		{A8C8D990-A491-B7DF-EA6F-0E7B1CEA3416}.Release|Any CPU.ActiveCfg = Release|Any CPU
		{A8C8D990-A491-B7DF-EA6F-0E7B1CEA3416}.Release|Any CPU.Build.0 = Release|Any CPU
	EndGlobalSection
	GlobalSection(SolutionProperties) = preSolution
		HideSolutionNode = FALSE
	EndGlobalSection
	GlobalSection(NestedProjects) = preSolution
		{16D12A8F-4A33-427C-9545-BAB9F3B69A72} = {36D591C7-65C7-A0D1-1CBC-10CDE441BDC8}
		{7B0EA797-76C7-44D3-9CA2-CD175C5EB791} = {728608DE-8C43-4D91-B7F0-E32C3AFF2025}
		{361C7F8B-4171-4590-AD07-8F1846A2E511} = {728608DE-8C43-4D91-B7F0-E32C3AFF2025}
		{0CE69A1A-1657-4780-98D8-3BE81B447623} = {728608DE-8C43-4D91-B7F0-E32C3AFF2025}
		{17021109-A528-4FA3-B9D0-8763A2EB9456} = {36D591C7-65C7-A0D1-1CBC-10CDE441BDC8}
		{CE821D4B-2E74-4CB9-B076-3B35E6B7EBED} = {36D591C7-65C7-A0D1-1CBC-10CDE441BDC8}
		{2A0383FC-9A37-449E-9209-C203DA17E6EE} = {36D591C7-65C7-A0D1-1CBC-10CDE441BDC8}
		{ADBD61DA-FC86-CD6B-92CA-AC06C77E3903} = {728608DE-8C43-4D91-B7F0-E32C3AFF2025}
		{FF94C325-C799-40A8-A6B6-49F10C15AD46} = {0D56C2CB-4424-466B-8AD8-915C91605F57}
		{9C2A3911-0A4E-4C1E-857D-5BE61C1CCB3B} = {0D56C2CB-4424-466B-8AD8-915C91605F57}
		{30AB5DEB-8894-440C-A9CB-B89568651030} = {0D56C2CB-4424-466B-8AD8-915C91605F57}
		{A8C8D990-A491-B7DF-EA6F-0E7B1CEA3416} = {728608DE-8C43-4D91-B7F0-E32C3AFF2025}
	EndGlobalSection
	GlobalSection(ExtensibilityGlobals) = postSolution
		SolutionGuid = {9D5C3407-E60F-414C-AAD0-98398689BD4A}
	EndGlobalSection
EndGlobal
